
Microsoft Visual Studio Solution File, Format Version 12.00
# Visual Studio 14
VisualStudioVersion = 14.0.25420.1
MinimumVisualStudioVersion = 10.0.40219.1
Project("{FAE04EC0-301F-11D3-BF4B-00C04F79EFBC}") = "OldMusicBox.ePUAP.Client", "OldMusicBox.ePUAP.Client\OldMusicBox.ePUAP.Client.csproj", "{7119A873-9A63-4D6D-8AEB-41C60397E2FC}"
EndProject
Project("{FAE04EC0-301F-11D3-BF4B-00C04F79EFBC}") = "OldMusicBox.ePUAP.Demo", "OldMusicBox.ePUAP.Demo\OldMusicBox.ePUAP.Demo.csproj", "{84AFB56B-5642-42DD-9C13-B230B5773490}"
EndProject
Project("{FAE04EC0-301F-11D3-BF4B-00C04F79EFBC}") = "OldMusicBox.ePUAP.Tests", "OldMusicBox.ePUAP.Tests\OldMusicBox.ePUAP.Tests.csproj", "{57763B2F-5146-4D0F-B20E-608DE09C4AEF}"
EndProject
Global
	GlobalSection(SolutionConfigurationPlatforms) = preSolution
		Debug|Any CPU = Debug|Any CPU
		Release|Any CPU = Release|Any CPU
	EndGlobalSection
	GlobalSection(ProjectConfigurationPlatforms) = postSolution
		{7119A873-9A63-4D6D-8AEB-41C60397E2FC}.Debug|Any CPU.ActiveCfg = Debug|Any CPU
		{7119A873-9A63-4D6D-8AEB-41C60397E2FC}.Debug|Any CPU.Build.0 = Debug|Any CPU
		{7119A873-9A63-4D6D-8AEB-41C60397E2FC}.Release|Any CPU.ActiveCfg = Release|Any CPU
		{7119A873-9A63-4D6D-8AEB-41C60397E2FC}.Release|Any CPU.Build.0 = Release|Any CPU
		{84AFB56B-5642-42DD-9C13-B230B5773490}.Debug|Any CPU.ActiveCfg = Debug|Any CPU
		{84AFB56B-5642-42DD-9C13-B230B5773490}.Debug|Any CPU.Build.0 = Debug|Any CPU
		{84AFB56B-5642-42DD-9C13-B230B5773490}.Release|Any CPU.ActiveCfg = Release|Any CPU
		{84AFB56B-5642-42DD-9C13-B230B5773490}.Release|Any CPU.Build.0 = Release|Any CPU
		{57763B2F-5146-4D0F-B20E-608DE09C4AEF}.Debug|Any CPU.ActiveCfg = Debug|Any CPU
		{57763B2F-5146-4D0F-B20E-608DE09C4AEF}.Debug|Any CPU.Build.0 = Debug|Any CPU
		{57763B2F-5146-4D0F-B20E-608DE09C4AEF}.Release|Any CPU.ActiveCfg = Release|Any CPU
		{57763B2F-5146-4D0F-B20E-608DE09C4AEF}.Release|Any CPU.Build.0 = Release|Any CPU
	EndGlobalSection
	GlobalSection(SolutionProperties) = preSolution
		HideSolutionNode = FALSE
	EndGlobalSection
EndGlobal
